
Microsoft Visual Studio Solution File, Format Version 12.00
# Visual Studio Version 17
VisualStudioVersion = 17.8.34511.84
MinimumVisualStudioVersion = 10.0.40219.1
Project("{FAE04EC0-301F-11D3-BF4B-00C04F79EFBC}") = "Poe part 1 doc", "Poe part 1 doc\Poe part 1 doc.csproj", "{005230D0-6BBF-4AA3-88DE-436DABE5BF31}"
EndProject
Global
	GlobalSection(SolutionConfigurationPlatforms) = preSolution
		Debug|Any CPU = Debug|Any CPU
		Release|Any CPU = Release|Any CPU
	EndGlobalSection
	GlobalSection(ProjectConfigurationPlatforms) = postSolution
		{005230D0-6BBF-4AA3-88DE-436DABE5BF31}.Debug|Any CPU.ActiveCfg = Debug|Any CPU
		{005230D0-6BBF-4AA3-88DE-436DABE5BF31}.Debug|Any CPU.Build.0 = Debug|Any CPU
		{005230D0-6BBF-4AA3-88DE-436DABE5BF31}.Release|Any CPU.ActiveCfg = Release|Any CPU
		{005230D0-6BBF-4AA3-88DE-436DABE5BF31}.Release|Any CPU.Build.0 = Release|Any CPU
	EndGlobalSection
	GlobalSection(SolutionProperties) = preSolution
		HideSolutionNode = FALSE
	EndGlobalSection
	GlobalSection(ExtensibilityGlobals) = postSolution
		SolutionGuid = {27161408-07A4-4E37-94A6-FDD0F8B1F015}
	EndGlobalSection
EndGlobal
